
Microsoft Visual Studio Solution File, Format Version 12.00
# Visual Studio Version 16
VisualStudioVersion = 16.0.809.1
MinimumVisualStudioVersion = 10.0.40219.1
Project("{FAE04EC0-301F-11D3-BF4B-00C04F79EFBC}") = "dhLottery.Android", "dhLottery.Android\dhLottery.Android.csproj", "{542E0266-6332-4743-9340-D44E1957429B}"
EndProject
Project("{FAE04EC0-301F-11D3-BF4B-00C04F79EFBC}") = "dhLottery.iOS", "dhLottery.iOS\dhLottery.iOS.csproj", "{AEA5B3FE-F63A-42C6-94F3-E7FCB11CB3CD}"
EndProject
Project("{FAE04EC0-301F-11D3-BF4B-00C04F79EFBC}") = "dhLottery", "dhLottery\dhLottery.csproj", "{32DFDC41-7602-4D2E-A140-BF53A8A99822}"
EndProject
Global
	GlobalSection(SolutionConfigurationPlatforms) = preSolution
		Debug|Any CPU = Debug|Any CPU
		Release|Any CPU = Release|Any CPU
		Debug|iPhoneSimulator = Debug|iPhoneSimulator
		Release|iPhoneSimulator = Release|iPhoneSimulator
		Debug|iPhone = Debug|iPhone
		Release|iPhone = Release|iPhone
	EndGlobalSection
	GlobalSection(ProjectConfigurationPlatforms) = postSolution
		{542E0266-6332-4743-9340-D44E1957429B}.Debug|Any CPU.ActiveCfg = Debug|Any CPU
		{542E0266-6332-4743-9340-D44E1957429B}.Debug|Any CPU.Build.0 = Debug|Any CPU
		{542E0266-6332-4743-9340-D44E1957429B}.Release|Any CPU.ActiveCfg = Release|Any CPU
		{542E0266-6332-4743-9340-D44E1957429B}.Release|Any CPU.Build.0 = Release|Any CPU
		{542E0266-6332-4743-9340-D44E1957429B}.Debug|iPhoneSimulator.ActiveCfg = Debug|Any CPU
		{542E0266-6332-4743-9340-D44E1957429B}.Debug|iPhoneSimulator.Build.0 = Debug|Any CPU
		{542E0266-6332-4743-9340-D44E1957429B}.Release|iPhoneSimulator.ActiveCfg = Release|Any CPU
		{542E0266-6332-4743-9340-D44E1957429B}.Release|iPhoneSimulator.Build.0 = Release|Any CPU
		{542E0266-6332-4743-9340-D44E1957429B}.Debug|iPhone.ActiveCfg = Debug|Any CPU
		{542E0266-6332-4743-9340-D44E1957429B}.Debug|iPhone.Build.0 = Debug|Any CPU
		{542E0266-6332-4743-9340-D44E1957429B}.Release|iPhone.ActiveCfg = Release|Any CPU
		{542E0266-6332-4743-9340-D44E1957429B}.Release|iPhone.Build.0 = Release|Any CPU
		{AEA5B3FE-F63A-42C6-94F3-E7FCB11CB3CD}.Debug|Any CPU.ActiveCfg = Debug|iPhoneSimulator
		{AEA5B3FE-F63A-42C6-94F3-E7FCB11CB3CD}.Debug|Any CPU.Build.0 = Debug|iPhoneSimulator
		{AEA5B3FE-F63A-42C6-94F3-E7FCB11CB3CD}.Release|Any CPU.ActiveCfg = Release|iPhoneSimulator
		{AEA5B3FE-F63A-42C6-94F3-E7FCB11CB3CD}.Release|Any CPU.Build.0 = Release|iPhoneSimulator
		{AEA5B3FE-F63A-42C6-94F3-E7FCB11CB3CD}.Debug|iPhoneSimulator.ActiveCfg = Debug|iPhoneSimulator
		{AEA5B3FE-F63A-42C6-94F3-E7FCB11CB3CD}.Debug|iPhoneSimulator.Build.0 = Debug|iPhoneSimulator
		{AEA5B3FE-F63A-42C6-94F3-E7FCB11CB3CD}.Release|iPhoneSimulator.ActiveCfg = Release|iPhoneSimulator
		{AEA5B3FE-F63A-42C6-94F3-E7FCB11CB3CD}.Release|iPhoneSimulator.Build.0 = Release|iPhoneSimulator
		{AEA5B3FE-F63A-42C6-94F3-E7FCB11CB3CD}.Debug|iPhone.ActiveCfg = Debug|iPhone
		{AEA5B3FE-F63A-42C6-94F3-E7FCB11CB3CD}.Debug|iPhone.Build.0 = Debug|iPhone
		{AEA5B3FE-F63A-42C6-94F3-E7FCB11CB3CD}.Release|iPhone.ActiveCfg = Release|iPhone
		{AEA5B3FE-F63A-42C6-94F3-E7FCB11CB3CD}.Release|iPhone.Build.0 = Release|iPhone
		{32DFDC41-7602-4D2E-A140-BF53A8A99822}.Debug|Any CPU.ActiveCfg = Debug|Any CPU
		{32DFDC41-7602-4D2E-A140-BF53A8A99822}.Debug|Any CPU.Build.0 = Debug|Any CPU
		{32DFDC41-7602-4D2E-A140-BF53A8A99822}.Release|Any CPU.ActiveCfg = Release|Any CPU
		{32DFDC41-7602-4D2E-A140-BF53A8A99822}.Release|Any CPU.Build.0 = Release|Any CPU
		{32DFDC41-7602-4D2E-A140-BF53A8A99822}.Debug|iPhoneSimulator.ActiveCfg = Debug|Any CPU
		{32DFDC41-7602-4D2E-A140-BF53A8A99822}.Debug|iPhoneSimulator.Build.0 = Debug|Any CPU
		{32DFDC41-7602-4D2E-A140-BF53A8A99822}.Release|iPhoneSimulator.ActiveCfg = Release|Any CPU
		{32DFDC41-7602-4D2E-A140-BF53A8A99822}.Release|iPhoneSimulator.Build.0 = Release|Any CPU
		{32DFDC41-7602-4D2E-A140-BF53A8A99822}.Debug|iPhone.ActiveCfg = Debug|Any CPU
		{32DFDC41-7602-4D2E-A140-BF53A8A99822}.Debug|iPhone.Build.0 = Debug|Any CPU
		{32DFDC41-7602-4D2E-A140-BF53A8A99822}.Release|iPhone.ActiveCfg = Release|Any CPU
		{32DFDC41-7602-4D2E-A140-BF53A8A99822}.Release|iPhone.Build.0 = Release|Any CPU
	EndGlobalSection
	GlobalSection(SolutionProperties) = preSolution
		HideSolutionNode = FALSE
	EndGlobalSection
	GlobalSection(ExtensibilityGlobals) = postSolution
		SolutionGuid = {3579263D-E88D-44EA-B1EA-9913F3C65D79}
	EndGlobalSection
EndGlobal
