
Microsoft Visual Studio Solution File, Format Version 12.00
# Visual Studio Version 16
VisualStudioVersion = 16.0.809.0
MinimumVisualStudioVersion = 10.0.40219.1
Project("{FAE04EC0-301F-11D3-BF4B-00C04F79EFBC}") = "xa009.Android", "xa009.Android\xa009.Android.csproj", "{964F7448-7CC2-49DF-AE60-950473C33456}"
EndProject
Project("{FAE04EC0-301F-11D3-BF4B-00C04F79EFBC}") = "xa009.iOS", "xa009.iOS\xa009.iOS.csproj", "{5FBE0E53-F6AB-4014-BB84-0FD99169DA2B}"
EndProject
Project("{FAE04EC0-301F-11D3-BF4B-00C04F79EFBC}") = "xa009", "xa009\xa009.csproj", "{FB1BA7C7-30DF-4DBE-B105-42E91E65156E}"
EndProject
Global
	GlobalSection(SolutionConfigurationPlatforms) = preSolution
		Debug|Any CPU = Debug|Any CPU
		Release|Any CPU = Release|Any CPU
		Debug|iPhoneSimulator = Debug|iPhoneSimulator
		Release|iPhoneSimulator = Release|iPhoneSimulator
		Debug|iPhone = Debug|iPhone
		Release|iPhone = Release|iPhone
	EndGlobalSection
	GlobalSection(ProjectConfigurationPlatforms) = postSolution
		{964F7448-7CC2-49DF-AE60-950473C33456}.Debug|Any CPU.ActiveCfg = Debug|Any CPU
		{964F7448-7CC2-49DF-AE60-950473C33456}.Debug|Any CPU.Build.0 = Debug|Any CPU
		{964F7448-7CC2-49DF-AE60-950473C33456}.Release|Any CPU.ActiveCfg = Release|Any CPU
		{964F7448-7CC2-49DF-AE60-950473C33456}.Release|Any CPU.Build.0 = Release|Any CPU
		{964F7448-7CC2-49DF-AE60-950473C33456}.Debug|iPhoneSimulator.ActiveCfg = Debug|Any CPU
		{964F7448-7CC2-49DF-AE60-950473C33456}.Debug|iPhoneSimulator.Build.0 = Debug|Any CPU
		{964F7448-7CC2-49DF-AE60-950473C33456}.Release|iPhoneSimulator.ActiveCfg = Release|Any CPU
		{964F7448-7CC2-49DF-AE60-950473C33456}.Release|iPhoneSimulator.Build.0 = Release|Any CPU
		{964F7448-7CC2-49DF-AE60-950473C33456}.Debug|iPhone.ActiveCfg = Debug|Any CPU
		{964F7448-7CC2-49DF-AE60-950473C33456}.Debug|iPhone.Build.0 = Debug|Any CPU
		{964F7448-7CC2-49DF-AE60-950473C33456}.Release|iPhone.ActiveCfg = Release|Any CPU
		{964F7448-7CC2-49DF-AE60-950473C33456}.Release|iPhone.Build.0 = Release|Any CPU
		{5FBE0E53-F6AB-4014-BB84-0FD99169DA2B}.Debug|Any CPU.ActiveCfg = Debug|iPhoneSimulator
		{5FBE0E53-F6AB-4014-BB84-0FD99169DA2B}.Debug|Any CPU.Build.0 = Debug|iPhoneSimulator
		{5FBE0E53-F6AB-4014-BB84-0FD99169DA2B}.Release|Any CPU.ActiveCfg = Release|iPhoneSimulator
		{5FBE0E53-F6AB-4014-BB84-0FD99169DA2B}.Release|Any CPU.Build.0 = Release|iPhoneSimulator
		{5FBE0E53-F6AB-4014-BB84-0FD99169DA2B}.Debug|iPhoneSimulator.ActiveCfg = Debug|iPhoneSimulator
		{5FBE0E53-F6AB-4014-BB84-0FD99169DA2B}.Debug|iPhoneSimulator.Build.0 = Debug|iPhoneSimulator
		{5FBE0E53-F6AB-4014-BB84-0FD99169DA2B}.Release|iPhoneSimulator.ActiveCfg = Release|iPhoneSimulator
		{5FBE0E53-F6AB-4014-BB84-0FD99169DA2B}.Release|iPhoneSimulator.Build.0 = Release|iPhoneSimulator
		{5FBE0E53-F6AB-4014-BB84-0FD99169DA2B}.Debug|iPhone.ActiveCfg = Debug|iPhone
		{5FBE0E53-F6AB-4014-BB84-0FD99169DA2B}.Debug|iPhone.Build.0 = Debug|iPhone
		{5FBE0E53-F6AB-4014-BB84-0FD99169DA2B}.Release|iPhone.ActiveCfg = Release|iPhone
		{5FBE0E53-F6AB-4014-BB84-0FD99169DA2B}.Release|iPhone.Build.0 = Release|iPhone
		{FB1BA7C7-30DF-4DBE-B105-42E91E65156E}.Debug|Any CPU.ActiveCfg = Debug|Any CPU
		{FB1BA7C7-30DF-4DBE-B105-42E91E65156E}.Debug|Any CPU.Build.0 = Debug|Any CPU
		{FB1BA7C7-30DF-4DBE-B105-42E91E65156E}.Release|Any CPU.ActiveCfg = Release|Any CPU
		{FB1BA7C7-30DF-4DBE-B105-42E91E65156E}.Release|Any CPU.Build.0 = Release|Any CPU
		{FB1BA7C7-30DF-4DBE-B105-42E91E65156E}.Debug|iPhoneSimulator.ActiveCfg = Debug|Any CPU
		{FB1BA7C7-30DF-4DBE-B105-42E91E65156E}.Debug|iPhoneSimulator.Build.0 = Debug|Any CPU
		{FB1BA7C7-30DF-4DBE-B105-42E91E65156E}.Release|iPhoneSimulator.ActiveCfg = Release|Any CPU
		{FB1BA7C7-30DF-4DBE-B105-42E91E65156E}.Release|iPhoneSimulator.Build.0 = Release|Any CPU
		{FB1BA7C7-30DF-4DBE-B105-42E91E65156E}.Debug|iPhone.ActiveCfg = Debug|Any CPU
		{FB1BA7C7-30DF-4DBE-B105-42E91E65156E}.Debug|iPhone.Build.0 = Debug|Any CPU
		{FB1BA7C7-30DF-4DBE-B105-42E91E65156E}.Release|iPhone.ActiveCfg = Release|Any CPU
		{FB1BA7C7-30DF-4DBE-B105-42E91E65156E}.Release|iPhone.Build.0 = Release|Any CPU
	EndGlobalSection
	GlobalSection(SolutionProperties) = preSolution
		HideSolutionNode = FALSE
	EndGlobalSection
	GlobalSection(ExtensibilityGlobals) = postSolution
		SolutionGuid = {2168FA53-0F2F-4D85-B92D-5EEE4A3F4F01}
	EndGlobalSection
EndGlobal
