
Microsoft Visual Studio Solution File, Format Version 12.00
# Visual Studio Version 16
VisualStudioVersion = 16.0.809.0
MinimumVisualStudioVersion = 10.0.40219.1
Project("{FAE04EC0-301F-11D3-BF4B-00C04F79EFBC}") = "xa014.Android", "xa014.Android\xa014.Android.csproj", "{114AA3A7-C04F-41CB-94D1-06CB84CE1B1D}"
EndProject
Project("{FAE04EC0-301F-11D3-BF4B-00C04F79EFBC}") = "xa014.iOS", "xa014.iOS\xa014.iOS.csproj", "{244117D1-8543-4041-93A4-BD6393F3AA98}"
EndProject
Project("{FAE04EC0-301F-11D3-BF4B-00C04F79EFBC}") = "xa014", "xa014\xa014.csproj", "{5F2363BF-4134-43CC-912C-E7ABD29E9E62}"
EndProject
Global
	GlobalSection(SolutionConfigurationPlatforms) = preSolution
		Debug|Any CPU = Debug|Any CPU
		Release|Any CPU = Release|Any CPU
		Debug|iPhoneSimulator = Debug|iPhoneSimulator
		Release|iPhoneSimulator = Release|iPhoneSimulator
		Debug|iPhone = Debug|iPhone
		Release|iPhone = Release|iPhone
	EndGlobalSection
	GlobalSection(ProjectConfigurationPlatforms) = postSolution
		{114AA3A7-C04F-41CB-94D1-06CB84CE1B1D}.Debug|Any CPU.ActiveCfg = Debug|Any CPU
		{114AA3A7-C04F-41CB-94D1-06CB84CE1B1D}.Debug|Any CPU.Build.0 = Debug|Any CPU
		{114AA3A7-C04F-41CB-94D1-06CB84CE1B1D}.Release|Any CPU.ActiveCfg = Release|Any CPU
		{114AA3A7-C04F-41CB-94D1-06CB84CE1B1D}.Release|Any CPU.Build.0 = Release|Any CPU
		{114AA3A7-C04F-41CB-94D1-06CB84CE1B1D}.Debug|iPhoneSimulator.ActiveCfg = Debug|Any CPU
		{114AA3A7-C04F-41CB-94D1-06CB84CE1B1D}.Debug|iPhoneSimulator.Build.0 = Debug|Any CPU
		{114AA3A7-C04F-41CB-94D1-06CB84CE1B1D}.Release|iPhoneSimulator.ActiveCfg = Release|Any CPU
		{114AA3A7-C04F-41CB-94D1-06CB84CE1B1D}.Release|iPhoneSimulator.Build.0 = Release|Any CPU
		{114AA3A7-C04F-41CB-94D1-06CB84CE1B1D}.Debug|iPhone.ActiveCfg = Debug|Any CPU
		{114AA3A7-C04F-41CB-94D1-06CB84CE1B1D}.Debug|iPhone.Build.0 = Debug|Any CPU
		{114AA3A7-C04F-41CB-94D1-06CB84CE1B1D}.Release|iPhone.ActiveCfg = Release|Any CPU
		{114AA3A7-C04F-41CB-94D1-06CB84CE1B1D}.Release|iPhone.Build.0 = Release|Any CPU
		{244117D1-8543-4041-93A4-BD6393F3AA98}.Debug|Any CPU.ActiveCfg = Debug|iPhoneSimulator
		{244117D1-8543-4041-93A4-BD6393F3AA98}.Debug|Any CPU.Build.0 = Debug|iPhoneSimulator
		{244117D1-8543-4041-93A4-BD6393F3AA98}.Release|Any CPU.ActiveCfg = Release|iPhoneSimulator
		{244117D1-8543-4041-93A4-BD6393F3AA98}.Release|Any CPU.Build.0 = Release|iPhoneSimulator
		{244117D1-8543-4041-93A4-BD6393F3AA98}.Debug|iPhoneSimulator.ActiveCfg = Debug|iPhoneSimulator
		{244117D1-8543-4041-93A4-BD6393F3AA98}.Debug|iPhoneSimulator.Build.0 = Debug|iPhoneSimulator
		{244117D1-8543-4041-93A4-BD6393F3AA98}.Release|iPhoneSimulator.ActiveCfg = Release|iPhoneSimulator
		{244117D1-8543-4041-93A4-BD6393F3AA98}.Release|iPhoneSimulator.Build.0 = Release|iPhoneSimulator
		{244117D1-8543-4041-93A4-BD6393F3AA98}.Debug|iPhone.ActiveCfg = Debug|iPhone
		{244117D1-8543-4041-93A4-BD6393F3AA98}.Debug|iPhone.Build.0 = Debug|iPhone
		{244117D1-8543-4041-93A4-BD6393F3AA98}.Release|iPhone.ActiveCfg = Release|iPhone
		{244117D1-8543-4041-93A4-BD6393F3AA98}.Release|iPhone.Build.0 = Release|iPhone
		{5F2363BF-4134-43CC-912C-E7ABD29E9E62}.Debug|Any CPU.ActiveCfg = Debug|Any CPU
		{5F2363BF-4134-43CC-912C-E7ABD29E9E62}.Debug|Any CPU.Build.0 = Debug|Any CPU
		{5F2363BF-4134-43CC-912C-E7ABD29E9E62}.Release|Any CPU.ActiveCfg = Release|Any CPU
		{5F2363BF-4134-43CC-912C-E7ABD29E9E62}.Release|Any CPU.Build.0 = Release|Any CPU
		{5F2363BF-4134-43CC-912C-E7ABD29E9E62}.Debug|iPhoneSimulator.ActiveCfg = Debug|Any CPU
		{5F2363BF-4134-43CC-912C-E7ABD29E9E62}.Debug|iPhoneSimulator.Build.0 = Debug|Any CPU
		{5F2363BF-4134-43CC-912C-E7ABD29E9E62}.Release|iPhoneSimulator.ActiveCfg = Release|Any CPU
		{5F2363BF-4134-43CC-912C-E7ABD29E9E62}.Release|iPhoneSimulator.Build.0 = Release|Any CPU
		{5F2363BF-4134-43CC-912C-E7ABD29E9E62}.Debug|iPhone.ActiveCfg = Debug|Any CPU
		{5F2363BF-4134-43CC-912C-E7ABD29E9E62}.Debug|iPhone.Build.0 = Debug|Any CPU
		{5F2363BF-4134-43CC-912C-E7ABD29E9E62}.Release|iPhone.ActiveCfg = Release|Any CPU
		{5F2363BF-4134-43CC-912C-E7ABD29E9E62}.Release|iPhone.Build.0 = Release|Any CPU
	EndGlobalSection
	GlobalSection(SolutionProperties) = preSolution
		HideSolutionNode = FALSE
	EndGlobalSection
	GlobalSection(ExtensibilityGlobals) = postSolution
		SolutionGuid = {EB6306A5-ECF1-47C5-B926-488BD4F04A62}
	EndGlobalSection
EndGlobal
